
Microsoft Visual Studio Solution File, Format Version 12.00
# Visual Studio 14
VisualStudioVersion = 14.0.25420.1
MinimumVisualStudioVersion = 10.0.40219.1
Project("{FAE04EC0-301F-11D3-BF4B-00C04F79EFBC}") = "com.rightback.ChocAn.DAL", "com.rightback.ChocAn.DAL\com.rightback.ChocAn.DAL.csproj", "{97113576-F292-4C94-8CD4-3FA050F3E669}"
EndProject
Project("{FAE04EC0-301F-11D3-BF4B-00C04F79EFBC}") = "com.rightback.ChocAn.Services", "com.rightback.ChocAn.Services\com.rightback.ChocAn.Services.csproj", "{B3004C79-B39C-4D19-BFA4-D79A2F7E9E5F}"
	ProjectSection(ProjectDependencies) = postProject
		{97113576-F292-4C94-8CD4-3FA050F3E669} = {97113576-F292-4C94-8CD4-3FA050F3E669}
	EndProjectSection
EndProject
Project("{FAE04EC0-301F-11D3-BF4B-00C04F79EFBC}") = "com.rightback.ChocAn.Web", "com.rightback.ChocAn.Web\com.rightback.ChocAn.Web.csproj", "{1D9E75A3-48B2-423C-8071-BFDBBED2D306}"
	ProjectSection(ProjectDependencies) = postProject
		{97113576-F292-4C94-8CD4-3FA050F3E669} = {97113576-F292-4C94-8CD4-3FA050F3E669}
		{B3004C79-B39C-4D19-BFA4-D79A2F7E9E5F} = {B3004C79-B39C-4D19-BFA4-D79A2F7E9E5F}
	EndProjectSection
EndProject
Project("{FAE04EC0-301F-11D3-BF4B-00C04F79EFBC}") = "com.rightback.ChocAn.Terminal", "com.rightback.ChocAn.Terminal\com.rightback.ChocAn.Terminal.csproj", "{AAF7BC83-83A8-41DE-9F05-BA15A0345617}"
EndProject
Project("{FAE04EC0-301F-11D3-BF4B-00C04F79EFBC}") = "com.rightback.ChocAn.Tests", "com.rightback.ChocAn.Tests\com.rightback.ChocAn.Tests.csproj", "{6DF85222-34D5-478C-A0B2-9DC26EAE66F9}"
	ProjectSection(ProjectDependencies) = postProject
		{B3004C79-B39C-4D19-BFA4-D79A2F7E9E5F} = {B3004C79-B39C-4D19-BFA4-D79A2F7E9E5F}
	EndProjectSection
EndProject
Global
	GlobalSection(SolutionConfigurationPlatforms) = preSolution
		Ad-Hoc|Any CPU = Ad-Hoc|Any CPU
		Ad-Hoc|iPhone = Ad-Hoc|iPhone
		Ad-Hoc|iPhoneSimulator = Ad-Hoc|iPhoneSimulator
		AppStore|Any CPU = AppStore|Any CPU
		AppStore|iPhone = AppStore|iPhone
		AppStore|iPhoneSimulator = AppStore|iPhoneSimulator
		Debug|Any CPU = Debug|Any CPU
		Debug|iPhone = Debug|iPhone
		Debug|iPhoneSimulator = Debug|iPhoneSimulator
		Release|Any CPU = Release|Any CPU
		Release|iPhone = Release|iPhone
		Release|iPhoneSimulator = Release|iPhoneSimulator
	EndGlobalSection
	GlobalSection(ProjectConfigurationPlatforms) = postSolution
		{97113576-F292-4C94-8CD4-3FA050F3E669}.Ad-Hoc|Any CPU.ActiveCfg = Release|Any CPU
		{97113576-F292-4C94-8CD4-3FA050F3E669}.Ad-Hoc|Any CPU.Build.0 = Release|Any CPU
		{97113576-F292-4C94-8CD4-3FA050F3E669}.Ad-Hoc|iPhone.ActiveCfg = Release|Any CPU
		{97113576-F292-4C94-8CD4-3FA050F3E669}.Ad-Hoc|iPhone.Build.0 = Release|Any CPU
		{97113576-F292-4C94-8CD4-3FA050F3E669}.Ad-Hoc|iPhoneSimulator.ActiveCfg = Release|Any CPU
		{97113576-F292-4C94-8CD4-3FA050F3E669}.Ad-Hoc|iPhoneSimulator.Build.0 = Release|Any CPU
		{97113576-F292-4C94-8CD4-3FA050F3E669}.AppStore|Any CPU.ActiveCfg = Release|Any CPU
		{97113576-F292-4C94-8CD4-3FA050F3E669}.AppStore|Any CPU.Build.0 = Release|Any CPU
		{97113576-F292-4C94-8CD4-3FA050F3E669}.AppStore|iPhone.ActiveCfg = Release|Any CPU
		{97113576-F292-4C94-8CD4-3FA050F3E669}.AppStore|iPhone.Build.0 = Release|Any CPU
		{97113576-F292-4C94-8CD4-3FA050F3E669}.AppStore|iPhoneSimulator.ActiveCfg = Release|Any CPU
		{97113576-F292-4C94-8CD4-3FA050F3E669}.AppStore|iPhoneSimulator.Build.0 = Release|Any CPU
		{97113576-F292-4C94-8CD4-3FA050F3E669}.Debug|Any CPU.ActiveCfg = Debug|Any CPU
		{97113576-F292-4C94-8CD4-3FA050F3E669}.Debug|Any CPU.Build.0 = Debug|Any CPU
		{97113576-F292-4C94-8CD4-3FA050F3E669}.Debug|iPhone.ActiveCfg = Debug|Any CPU
		{97113576-F292-4C94-8CD4-3FA050F3E669}.Debug|iPhone.Build.0 = Debug|Any CPU
		{97113576-F292-4C94-8CD4-3FA050F3E669}.Debug|iPhoneSimulator.ActiveCfg = Debug|Any CPU
		{97113576-F292-4C94-8CD4-3FA050F3E669}.Debug|iPhoneSimulator.Build.0 = Debug|Any CPU
		{97113576-F292-4C94-8CD4-3FA050F3E669}.Release|Any CPU.ActiveCfg = Release|Any CPU
		{97113576-F292-4C94-8CD4-3FA050F3E669}.Release|Any CPU.Build.0 = Release|Any CPU
		{97113576-F292-4C94-8CD4-3FA050F3E669}.Release|iPhone.ActiveCfg = Release|Any CPU
		{97113576-F292-4C94-8CD4-3FA050F3E669}.Release|iPhone.Build.0 = Release|Any CPU
		{97113576-F292-4C94-8CD4-3FA050F3E669}.Release|iPhoneSimulator.ActiveCfg = Release|Any CPU
		{97113576-F292-4C94-8CD4-3FA050F3E669}.Release|iPhoneSimulator.Build.0 = Release|Any CPU
		{B3004C79-B39C-4D19-BFA4-D79A2F7E9E5F}.Ad-Hoc|Any CPU.ActiveCfg = Release|Any CPU
		{B3004C79-B39C-4D19-BFA4-D79A2F7E9E5F}.Ad-Hoc|Any CPU.Build.0 = Release|Any CPU
		{B3004C79-B39C-4D19-BFA4-D79A2F7E9E5F}.Ad-Hoc|iPhone.ActiveCfg = Release|Any CPU
		{B3004C79-B39C-4D19-BFA4-D79A2F7E9E5F}.Ad-Hoc|iPhone.Build.0 = Release|Any CPU
		{B3004C79-B39C-4D19-BFA4-D79A2F7E9E5F}.Ad-Hoc|iPhoneSimulator.ActiveCfg = Release|Any CPU
		{B3004C79-B39C-4D19-BFA4-D79A2F7E9E5F}.Ad-Hoc|iPhoneSimulator.Build.0 = Release|Any CPU
		{B3004C79-B39C-4D19-BFA4-D79A2F7E9E5F}.AppStore|Any CPU.ActiveCfg = Release|Any CPU
		{B3004C79-B39C-4D19-BFA4-D79A2F7E9E5F}.AppStore|Any CPU.Build.0 = Release|Any CPU
		{B3004C79-B39C-4D19-BFA4-D79A2F7E9E5F}.AppStore|iPhone.ActiveCfg = Release|Any CPU
		{B3004C79-B39C-4D19-BFA4-D79A2F7E9E5F}.AppStore|iPhone.Build.0 = Release|Any CPU
		{B3004C79-B39C-4D19-BFA4-D79A2F7E9E5F}.AppStore|iPhoneSimulator.ActiveCfg = Release|Any CPU
		{B3004C79-B39C-4D19-BFA4-D79A2F7E9E5F}.AppStore|iPhoneSimulator.Build.0 = Release|Any CPU
		{B3004C79-B39C-4D19-BFA4-D79A2F7E9E5F}.Debug|Any CPU.ActiveCfg = Debug|Any CPU
		{B3004C79-B39C-4D19-BFA4-D79A2F7E9E5F}.Debug|Any CPU.Build.0 = Debug|Any CPU
		{B3004C79-B39C-4D19-BFA4-D79A2F7E9E5F}.Debug|iPhone.ActiveCfg = Debug|Any CPU
		{B3004C79-B39C-4D19-BFA4-D79A2F7E9E5F}.Debug|iPhone.Build.0 = Debug|Any CPU
		{B3004C79-B39C-4D19-BFA4-D79A2F7E9E5F}.Debug|iPhoneSimulator.ActiveCfg = Debug|Any CPU
		{B3004C79-B39C-4D19-BFA4-D79A2F7E9E5F}.Debug|iPhoneSimulator.Build.0 = Debug|Any CPU
		{B3004C79-B39C-4D19-BFA4-D79A2F7E9E5F}.Release|Any CPU.ActiveCfg = Release|Any CPU
		{B3004C79-B39C-4D19-BFA4-D79A2F7E9E5F}.Release|Any CPU.Build.0 = Release|Any CPU
		{B3004C79-B39C-4D19-BFA4-D79A2F7E9E5F}.Release|iPhone.ActiveCfg = Release|Any CPU
		{B3004C79-B39C-4D19-BFA4-D79A2F7E9E5F}.Release|iPhone.Build.0 = Release|Any CPU
		{B3004C79-B39C-4D19-BFA4-D79A2F7E9E5F}.Release|iPhoneSimulator.ActiveCfg = Release|Any CPU
		{B3004C79-B39C-4D19-BFA4-D79A2F7E9E5F}.Release|iPhoneSimulator.Build.0 = Release|Any CPU
		{1D9E75A3-48B2-423C-8071-BFDBBED2D306}.Ad-Hoc|Any CPU.ActiveCfg = Release|Any CPU
		{1D9E75A3-48B2-423C-8071-BFDBBED2D306}.Ad-Hoc|Any CPU.Build.0 = Release|Any CPU
		{1D9E75A3-48B2-423C-8071-BFDBBED2D306}.Ad-Hoc|iPhone.ActiveCfg = Release|Any CPU
		{1D9E75A3-48B2-423C-8071-BFDBBED2D306}.Ad-Hoc|iPhone.Build.0 = Release|Any CPU
		{1D9E75A3-48B2-423C-8071-BFDBBED2D306}.Ad-Hoc|iPhoneSimulator.ActiveCfg = Release|Any CPU
		{1D9E75A3-48B2-423C-8071-BFDBBED2D306}.Ad-Hoc|iPhoneSimulator.Build.0 = Release|Any CPU
		{1D9E75A3-48B2-423C-8071-BFDBBED2D306}.AppStore|Any CPU.ActiveCfg = Release|Any CPU
		{1D9E75A3-48B2-423C-8071-BFDBBED2D306}.AppStore|Any CPU.Build.0 = Release|Any CPU
		{1D9E75A3-48B2-423C-8071-BFDBBED2D306}.AppStore|iPhone.ActiveCfg = Release|Any CPU
		{1D9E75A3-48B2-423C-8071-BFDBBED2D306}.AppStore|iPhone.Build.0 = Release|Any CPU
		{1D9E75A3-48B2-423C-8071-BFDBBED2D306}.AppStore|iPhoneSimulator.ActiveCfg = Release|Any CPU
		{1D9E75A3-48B2-423C-8071-BFDBBED2D306}.AppStore|iPhoneSimulator.Build.0 = Release|Any CPU
		{1D9E75A3-48B2-423C-8071-BFDBBED2D306}.Debug|Any CPU.ActiveCfg = Debug|Any CPU
		{1D9E75A3-48B2-423C-8071-BFDBBED2D306}.Debug|Any CPU.Build.0 = Debug|Any CPU
		{1D9E75A3-48B2-423C-8071-BFDBBED2D306}.Debug|iPhone.ActiveCfg = Debug|Any CPU
		{1D9E75A3-48B2-423C-8071-BFDBBED2D306}.Debug|iPhone.Build.0 = Debug|Any CPU
		{1D9E75A3-48B2-423C-8071-BFDBBED2D306}.Debug|iPhoneSimulator.ActiveCfg = Debug|Any CPU
		{1D9E75A3-48B2-423C-8071-BFDBBED2D306}.Debug|iPhoneSimulator.Build.0 = Debug|Any CPU
		{1D9E75A3-48B2-423C-8071-BFDBBED2D306}.Release|Any CPU.ActiveCfg = Release|Any CPU
		{1D9E75A3-48B2-423C-8071-BFDBBED2D306}.Release|Any CPU.Build.0 = Release|Any CPU
		{1D9E75A3-48B2-423C-8071-BFDBBED2D306}.Release|iPhone.ActiveCfg = Release|Any CPU
		{1D9E75A3-48B2-423C-8071-BFDBBED2D306}.Release|iPhone.Build.0 = Release|Any CPU
		{1D9E75A3-48B2-423C-8071-BFDBBED2D306}.Release|iPhoneSimulator.ActiveCfg = Release|Any CPU
		{1D9E75A3-48B2-423C-8071-BFDBBED2D306}.Release|iPhoneSimulator.Build.0 = Release|Any CPU
		{AAF7BC83-83A8-41DE-9F05-BA15A0345617}.Ad-Hoc|Any CPU.ActiveCfg = Release|Any CPU
		{AAF7BC83-83A8-41DE-9F05-BA15A0345617}.Ad-Hoc|Any CPU.Build.0 = Release|Any CPU
		{AAF7BC83-83A8-41DE-9F05-BA15A0345617}.Ad-Hoc|iPhone.ActiveCfg = Release|Any CPU
		{AAF7BC83-83A8-41DE-9F05-BA15A0345617}.Ad-Hoc|iPhone.Build.0 = Release|Any CPU
		{AAF7BC83-83A8-41DE-9F05-BA15A0345617}.Ad-Hoc|iPhoneSimulator.ActiveCfg = Release|Any CPU
		{AAF7BC83-83A8-41DE-9F05-BA15A0345617}.Ad-Hoc|iPhoneSimulator.Build.0 = Release|Any CPU
		{AAF7BC83-83A8-41DE-9F05-BA15A0345617}.AppStore|Any CPU.ActiveCfg = Release|Any CPU
		{AAF7BC83-83A8-41DE-9F05-BA15A0345617}.AppStore|Any CPU.Build.0 = Release|Any CPU
		{AAF7BC83-83A8-41DE-9F05-BA15A0345617}.AppStore|iPhone.ActiveCfg = Release|Any CPU
		{AAF7BC83-83A8-41DE-9F05-BA15A0345617}.AppStore|iPhone.Build.0 = Release|Any CPU
		{AAF7BC83-83A8-41DE-9F05-BA15A0345617}.AppStore|iPhoneSimulator.ActiveCfg = Release|Any CPU
		{AAF7BC83-83A8-41DE-9F05-BA15A0345617}.AppStore|iPhoneSimulator.Build.0 = Release|Any CPU
		{AAF7BC83-83A8-41DE-9F05-BA15A0345617}.Debug|Any CPU.ActiveCfg = Debug|Any CPU
		{AAF7BC83-83A8-41DE-9F05-BA15A0345617}.Debug|Any CPU.Build.0 = Debug|Any CPU
		{AAF7BC83-83A8-41DE-9F05-BA15A0345617}.Debug|iPhone.ActiveCfg = Debug|Any CPU
		{AAF7BC83-83A8-41DE-9F05-BA15A0345617}.Debug|iPhone.Build.0 = Debug|Any CPU
		{AAF7BC83-83A8-41DE-9F05-BA15A0345617}.Debug|iPhoneSimulator.ActiveCfg = Debug|Any CPU
		{AAF7BC83-83A8-41DE-9F05-BA15A0345617}.Debug|iPhoneSimulator.Build.0 = Debug|Any CPU
		{AAF7BC83-83A8-41DE-9F05-BA15A0345617}.Release|Any CPU.ActiveCfg = Release|Any CPU
		{AAF7BC83-83A8-41DE-9F05-BA15A0345617}.Release|Any CPU.Build.0 = Release|Any CPU
		{AAF7BC83-83A8-41DE-9F05-BA15A0345617}.Release|iPhone.ActiveCfg = Release|Any CPU
		{AAF7BC83-83A8-41DE-9F05-BA15A0345617}.Release|iPhone.Build.0 = Release|Any CPU
		{AAF7BC83-83A8-41DE-9F05-BA15A0345617}.Release|iPhoneSimulator.ActiveCfg = Release|Any CPU
		{AAF7BC83-83A8-41DE-9F05-BA15A0345617}.Release|iPhoneSimulator.Build.0 = Release|Any CPU
		{6DF85222-34D5-478C-A0B2-9DC26EAE66F9}.Ad-Hoc|Any CPU.ActiveCfg = Release|Any CPU
		{6DF85222-34D5-478C-A0B2-9DC26EAE66F9}.Ad-Hoc|Any CPU.Build.0 = Release|Any CPU
		{6DF85222-34D5-478C-A0B2-9DC26EAE66F9}.Ad-Hoc|iPhone.ActiveCfg = Release|Any CPU
		{6DF85222-34D5-478C-A0B2-9DC26EAE66F9}.Ad-Hoc|iPhone.Build.0 = Release|Any CPU
		{6DF85222-34D5-478C-A0B2-9DC26EAE66F9}.Ad-Hoc|iPhoneSimulator.ActiveCfg = Release|Any CPU
		{6DF85222-34D5-478C-A0B2-9DC26EAE66F9}.Ad-Hoc|iPhoneSimulator.Build.0 = Release|Any CPU
		{6DF85222-34D5-478C-A0B2-9DC26EAE66F9}.AppStore|Any CPU.ActiveCfg = Release|Any CPU
		{6DF85222-34D5-478C-A0B2-9DC26EAE66F9}.AppStore|Any CPU.Build.0 = Release|Any CPU
		{6DF85222-34D5-478C-A0B2-9DC26EAE66F9}.AppStore|iPhone.ActiveCfg = Release|Any CPU
		{6DF85222-34D5-478C-A0B2-9DC26EAE66F9}.AppStore|iPhone.Build.0 = Release|Any CPU
		{6DF85222-34D5-478C-A0B2-9DC26EAE66F9}.AppStore|iPhoneSimulator.ActiveCfg = Release|Any CPU
		{6DF85222-34D5-478C-A0B2-9DC26EAE66F9}.AppStore|iPhoneSimulator.Build.0 = Release|Any CPU
		{6DF85222-34D5-478C-A0B2-9DC26EAE66F9}.Debug|Any CPU.ActiveCfg = Debug|Any CPU
		{6DF85222-34D5-478C-A0B2-9DC26EAE66F9}.Debug|Any CPU.Build.0 = Debug|Any CPU
		{6DF85222-34D5-478C-A0B2-9DC26EAE66F9}.Debug|iPhone.ActiveCfg = Debug|Any CPU
		{6DF85222-34D5-478C-A0B2-9DC26EAE66F9}.Debug|iPhone.Build.0 = Debug|Any CPU
		{6DF85222-34D5-478C-A0B2-9DC26EAE66F9}.Debug|iPhoneSimulator.ActiveCfg = Debug|Any CPU
		{6DF85222-34D5-478C-A0B2-9DC26EAE66F9}.Debug|iPhoneSimulator.Build.0 = Debug|Any CPU
		{6DF85222-34D5-478C-A0B2-9DC26EAE66F9}.Release|Any CPU.ActiveCfg = Release|Any CPU
		{6DF85222-34D5-478C-A0B2-9DC26EAE66F9}.Release|Any CPU.Build.0 = Release|Any CPU
		{6DF85222-34D5-478C-A0B2-9DC26EAE66F9}.Release|iPhone.ActiveCfg = Release|Any CPU
		{6DF85222-34D5-478C-A0B2-9DC26EAE66F9}.Release|iPhone.Build.0 = Release|Any CPU
		{6DF85222-34D5-478C-A0B2-9DC26EAE66F9}.Release|iPhoneSimulator.ActiveCfg = Release|Any CPU
		{6DF85222-34D5-478C-A0B2-9DC26EAE66F9}.Release|iPhoneSimulator.Build.0 = Release|Any CPU
	EndGlobalSection
	GlobalSection(SolutionProperties) = preSolution
		HideSolutionNode = FALSE
	EndGlobalSection
EndGlobal
